<?xml version="1.0" encoding="utf-8"?>
<Project ToolsVersion="4.0" xmlns="http://schemas.microsoft.com/developer/msbuild/2003">
  <ItemGroup>
    <Filter Include="Source Files">
      <UniqueIdentifier>{4FC737F1-C7A5-4376-A066-2A32D752A2FF}</UniqueIdentifier>
      <Extensions>cpp;c;cc;cxx;def;odl;idl;hpj;bat;asm;asmx</Extensions>
    </Filter>
    <Filter Include="Header Files">
      <UniqueIdentifier>{93995380-89BD-4b04-88EB-625FBE52EBFB}</UniqueIdentifier>
      <Extensions>h;hpp;hxx;hm;inl;inc;xsd</Extensions>
    </Filter>
    <Filter Include="Resource Files">
      <UniqueIdentifier>{67DA6AB6-F800-4c08-8B7A-83BB121AAD01}</UniqueIdentifier>
      <Extensions>rc;ico;cur;bmp;dlg;rc2;rct;bin;rgs;gif;jpg;jpeg;jpe;resx;tiff;tif;png;wav</Extensions>
    </Filter>
  </ItemGroup>
  <ItemGroup>
    <ClCompile Include="apps\csvdiff.cpp">
      <Filter>Source Files</Filter>
    </ClCompile>
    <ClCompile Include="apps\mdp_allo.cpp">
      <Filter>Source Files</Filter>
    </ClCompile>
    <ClCompile Include="apps\tok_input_util.cpp">
      <Filter>Source Files</Filter>
    </ClCompile>
    <ClCompile Include="base\application.cpp">
      <Filter>Source Files</Filter>
    </ClCompile>
    <ClCompile Include="base\checkFinite.cpp">
      <Filter>Source Files</Filter>
    </ClCompile>
    <ClCompile Include="base\clockWC.cpp">
      <Filter>Source Files</Filter>
    </ClCompile>
    <ClCompile Include="base\ct2ctml.cpp">
      <Filter>Source Files</Filter>
    </ClCompile>
    <ClCompile Include="base\ctexceptions.cpp">
      <Filter>Source Files</Filter>
    </ClCompile>
    <ClCompile Include="base\ctml.cpp">
      <Filter>Source Files</Filter>
    </ClCompile>
    <ClCompile Include="base\global.cpp">
      <Filter>Source Files</Filter>
    </ClCompile>
    <ClCompile Include="base\plots.cpp">
      <Filter>Source Files</Filter>
    </ClCompile>
    <ClCompile Include="base\stringUtils.cpp">
      <Filter>Source Files</Filter>
    </ClCompile>
    <ClCompile Include="base\ValueCache.cpp">
      <Filter>Source Files</Filter>
    </ClCompile>
    <ClCompile Include="base\xml.cpp">
      <Filter>Source Files</Filter>
    </ClCompile>
    <ClCompile Include="clib\ct.cpp">
      <Filter>Source Files</Filter>
    </ClCompile>
    <ClCompile Include="clib\ctfunc.cpp">
      <Filter>Source Files</Filter>
    </ClCompile>
    <ClCompile Include="clib\ctmultiphase.cpp">
      <Filter>Source Files</Filter>
    </ClCompile>
    <ClCompile Include="clib\ctonedim.cpp">
      <Filter>Source Files</Filter>
    </ClCompile>
    <ClCompile Include="clib\ctreactor.cpp">
      <Filter>Source Files</Filter>
    </ClCompile>
    <ClCompile Include="clib\ctrpath.cpp">
      <Filter>Source Files</Filter>
    </ClCompile>
    <ClCompile Include="clib\ctsurf.cpp">
      <Filter>Source Files</Filter>
    </ClCompile>
    <ClCompile Include="clib\ctxml.cpp">
      <Filter>Source Files</Filter>
    </ClCompile>
    <ClCompile Include="equil\BasisOptimize.cpp">
      <Filter>Source Files</Filter>
    </ClCompile>
    <ClCompile Include="equil\ChemEquil.cpp">
      <Filter>Source Files</Filter>
    </ClCompile>
    <ClCompile Include="equil\equilibrate.cpp">
      <Filter>Source Files</Filter>
    </ClCompile>
    <ClCompile Include="equil\MultiPhase.cpp">
      <Filter>Source Files</Filter>
    </ClCompile>
    <ClCompile Include="equil\MultiPhaseEquil.cpp">
      <Filter>Source Files</Filter>
    </ClCompile>
    <ClCompile Include="equil\vcs_elem.cpp">
      <Filter>Source Files</Filter>
    </ClCompile>
    <ClCompile Include="equil\vcs_elem_rearrange.cpp">
      <Filter>Source Files</Filter>
    </ClCompile>
    <ClCompile Include="equil\vcs_equilibrate.cpp">
      <Filter>Source Files</Filter>
    </ClCompile>
    <ClCompile Include="equil\vcs_Gibbs.cpp">
      <Filter>Source Files</Filter>
    </ClCompile>
    <ClCompile Include="equil\vcs_inest.cpp">
      <Filter>Source Files</Filter>
    </ClCompile>
    <ClCompile Include="equil\vcs_MultiPhaseEquil.cpp">
      <Filter>Source Files</Filter>
    </ClCompile>
    <ClCompile Include="equil\vcs_nondim.cpp">
      <Filter>Source Files</Filter>
    </ClCompile>
    <ClCompile Include="equil\vcs_phaseStability.cpp">
      <Filter>Source Files</Filter>
    </ClCompile>
    <ClCompile Include="equil\vcs_prep.cpp">
      <Filter>Source Files</Filter>
    </ClCompile>
    <ClCompile Include="equil\vcs_prob.cpp">
      <Filter>Source Files</Filter>
    </ClCompile>
    <ClCompile Include="equil\vcs_rank.cpp">
      <Filter>Source Files</Filter>
    </ClCompile>
    <ClCompile Include="equil\vcs_rearrange.cpp">
      <Filter>Source Files</Filter>
    </ClCompile>
    <ClCompile Include="equil\vcs_report.cpp">
      <Filter>Source Files</Filter>
    </ClCompile>
    <ClCompile Include="equil\vcs_root1d.cpp">
      <Filter>Source Files</Filter>
    </ClCompile>
    <ClCompile Include="equil\vcs_rxnadj.cpp">
      <Filter>Source Files</Filter>
    </ClCompile>
    <ClCompile Include="equil\vcs_setMolesLinProg.cpp">
      <Filter>Source Files</Filter>
    </ClCompile>
    <ClCompile Include="equil\vcs_solve.cpp">
      <Filter>Source Files</Filter>
    </ClCompile>
    <ClCompile Include="equil\vcs_solve_phaseStability.cpp">
      <Filter>Source Files</Filter>
    </ClCompile>
    <ClCompile Include="equil\vcs_solve_TP.cpp">
      <Filter>Source Files</Filter>
    </ClCompile>
    <ClCompile Include="equil\vcs_SpeciesProperties.cpp">
      <Filter>Source Files</Filter>
    </ClCompile>
    <ClCompile Include="equil\vcs_species_thermo.cpp">
      <Filter>Source Files</Filter>
    </ClCompile>
    <ClCompile Include="equil\vcs_TP.cpp">
      <Filter>Source Files</Filter>
    </ClCompile>
    <ClCompile Include="equil\vcs_util.cpp">
      <Filter>Source Files</Filter>
    </ClCompile>
    <ClCompile Include="equil\vcs_VolPhase.cpp">
      <Filter>Source Files</Filter>
    </ClCompile>
    <ClCompile Include="fortran\fct.cpp">
      <Filter>Source Files</Filter>
    </ClCompile>
    <ClCompile Include="fortran\fctxml.cpp">
      <Filter>Source Files</Filter>
    </ClCompile>
    <ClCompile Include="kinetics\AqueousKinetics.cpp">
      <Filter>Source Files</Filter>
    </ClCompile>
    <ClCompile Include="kinetics\BulkKinetics.cpp">
      <Filter>Source Files</Filter>
    </ClCompile>
    <ClCompile Include="kinetics\ElectrodeKinetics.cpp">
      <Filter>Source Files</Filter>
    </ClCompile>
    <ClCompile Include="kinetics\ExtraGlobalRxn.cpp">
      <Filter>Source Files</Filter>
    </ClCompile>
    <ClCompile Include="kinetics\FalloffFactory.cpp">
      <Filter>Source Files</Filter>
    </ClCompile>
    <ClCompile Include="kinetics\GasKinetics.cpp">
      <Filter>Source Files</Filter>
    </ClCompile>
    <ClCompile Include="kinetics\Group.cpp">
      <Filter>Source Files</Filter>
    </ClCompile>
    <ClCompile Include="kinetics\ImplicitSurfChem.cpp">
      <Filter>Source Files</Filter>
    </ClCompile>
    <ClCompile Include="kinetics\importKinetics.cpp">
      <Filter>Source Files</Filter>
    </ClCompile>
    <ClCompile Include="kinetics\InterfaceKinetics.cpp">
      <Filter>Source Files</Filter>
    </ClCompile>
    <ClCompile Include="kinetics\Kinetics.cpp">
      <Filter>Source Files</Filter>
    </ClCompile>
    <ClCompile Include="kinetics\KineticsFactory.cpp">
      <Filter>Source Files</Filter>
    </ClCompile>
    <ClCompile Include="kinetics\Reaction.cpp">
      <Filter>Source Files</Filter>
    </ClCompile>
    <ClCompile Include="kinetics\ReactionPath.cpp">
      <Filter>Source Files</Filter>
    </ClCompile>
    <ClCompile Include="kinetics\ReactionStoichMgr.cpp">
      <Filter>Source Files</Filter>
    </ClCompile>
    <ClCompile Include="kinetics\RxnMolChange.cpp">
      <Filter>Source Files</Filter>
    </ClCompile>
    <ClCompile Include="kinetics\RxnRates.cpp">
      <Filter>Source Files</Filter>
    </ClCompile>
    <ClCompile Include="kinetics\solveSP.cpp">
      <Filter>Source Files</Filter>
    </ClCompile>
    <ClCompile Include="kinetics\TurbulentKinetics.cpp">
      <Filter>Source Files</Filter>
    </ClCompile>
    <ClCompile Include="matlab\ctfunctions.cpp">
      <Filter>Source Files</Filter>
    </ClCompile>
    <ClCompile Include="matlab\ctmethods.cpp">
      <Filter>Source Files</Filter>
    </ClCompile>
    <ClCompile Include="matlab\flowdevicemethods.cpp">
      <Filter>Source Files</Filter>
    </ClCompile>
    <ClCompile Include="matlab\funcmethods.cpp">
      <Filter>Source Files</Filter>
    </ClCompile>
    <ClCompile Include="matlab\kineticsmethods.cpp">
      <Filter>Source Files</Filter>
    </ClCompile>
    <ClCompile Include="matlab\mixturemethods.cpp">
      <Filter>Source Files</Filter>
    </ClCompile>
    <ClCompile Include="matlab\onedimmethods.cpp">
      <Filter>Source Files</Filter>
    </ClCompile>
    <ClCompile Include="matlab\phasemethods.cpp">
      <Filter>Source Files</Filter>
    </ClCompile>
    <ClCompile Include="matlab\reactormethods.cpp">
      <Filter>Source Files</Filter>
    </ClCompile>
    <ClCompile Include="matlab\reactornetmethods.cpp">
      <Filter>Source Files</Filter>
    </ClCompile>
    <ClCompile Include="matlab\surfmethods.cpp">
      <Filter>Source Files</Filter>
    </ClCompile>
    <ClCompile Include="matlab\thermomethods.cpp">
      <Filter>Source Files</Filter>
    </ClCompile>
    <ClCompile Include="matlab\transportmethods.cpp">
      <Filter>Source Files</Filter>
    </ClCompile>
    <ClCompile Include="matlab\wallmethods.cpp">
      <Filter>Source Files</Filter>
    </ClCompile>
    <ClCompile Include="matlab\xmlmethods.cpp">
      <Filter>Source Files</Filter>
    </ClCompile>
    <ClCompile Include="numerics\BandMatrix.cpp">
      <Filter>Source Files</Filter>
    </ClCompile>
    <ClCompile Include="numerics\BEulerInt.cpp">
      <Filter>Source Files</Filter>
    </ClCompile>
    <ClCompile Include="numerics\CVodeInt.cpp">
      <Filter>Source Files</Filter>
    </ClCompile>
    <ClCompile Include="numerics\CVodesIntegrator.cpp">
      <Filter>Source Files</Filter>
    </ClCompile>
    <ClCompile Include="numerics\DAE_solvers.cpp">
      <Filter>Source Files</Filter>
    </ClCompile>
    <ClCompile Include="numerics\DenseMatrix.cpp">
      <Filter>Source Files</Filter>
    </ClCompile>
    <ClCompile Include="numerics\Func1.cpp">
      <Filter>Source Files</Filter>
    </ClCompile>
    <ClCompile Include="numerics\funcs.cpp">
      <Filter>Source Files</Filter>
    </ClCompile>
    <ClCompile Include="numerics\GeneralMatrix.cpp">
      <Filter>Source Files</Filter>
    </ClCompile>
    <ClCompile Include="numerics\IDA_Solver.cpp">
      <Filter>Source Files</Filter>
    </ClCompile>
    <ClCompile Include="numerics\NonlinearSolver.cpp">
      <Filter>Source Files</Filter>
    </ClCompile>
    <ClCompile Include="numerics\ODE_integrators.cpp">
      <Filter>Source Files</Filter>
    </ClCompile>
    <ClCompile Include="numerics\ResidJacEval.cpp">
      <Filter>Source Files</Filter>
    </ClCompile>
    <ClCompile Include="numerics\RootFind.cpp">
      <Filter>Source Files</Filter>
    </ClCompile>
    <ClCompile Include="numerics\solveProb.cpp">
      <Filter>Source Files</Filter>
    </ClCompile>
    <ClCompile Include="numerics\SquareMatrix.cpp">
      <Filter>Source Files</Filter>
    </ClCompile>
    <ClCompile Include="oned\boundaries1D.cpp">
      <Filter>Source Files</Filter>
    </ClCompile>
    <ClCompile Include="oned\Domain1D.cpp">
      <Filter>Source Files</Filter>
    </ClCompile>
    <ClCompile Include="oned\MultiJac.cpp">
      <Filter>Source Files</Filter>
    </ClCompile>
    <ClCompile Include="oned\MultiNewton.cpp">
      <Filter>Source Files</Filter>
    </ClCompile>
    <ClCompile Include="oned\OneDim.cpp">
      <Filter>Source Files</Filter>
    </ClCompile>
    <ClCompile Include="oned\refine.cpp">
      <Filter>Source Files</Filter>
    </ClCompile>
    <ClCompile Include="oned\Sim1D.cpp">
      <Filter>Source Files</Filter>
    </ClCompile>
    <ClCompile Include="oned\StFlow.cpp">
      <Filter>Source Files</Filter>
    </ClCompile>
    <ClCompile Include="thermo\ConstCpPoly.cpp">
      <Filter>Source Files</Filter>
    </ClCompile>
    <ClCompile Include="thermo\ConstDensityThermo.cpp">
      <Filter>Source Files</Filter>
    </ClCompile>
    <ClCompile Include="thermo\DebyeHuckel.cpp">
      <Filter>Source Files</Filter>
    </ClCompile>
    <ClCompile Include="thermo\Elements.cpp">
      <Filter>Source Files</Filter>
    </ClCompile>
    <ClCompile Include="thermo\FixedChemPotSSTP.cpp">
      <Filter>Source Files</Filter>
    </ClCompile>
    <ClCompile Include="thermo\GeneralSpeciesThermo.cpp">
      <Filter>Source Files</Filter>
    </ClCompile>
    <ClCompile Include="thermo\GibbsExcessVPSSTP.cpp">
      <Filter>Source Files</Filter>
    </ClCompile>
    <ClCompile Include="thermo\HMWSoln.cpp">
      <Filter>Source Files</Filter>
    </ClCompile>
    <ClCompile Include="thermo\HMWSoln_input.cpp">
      <Filter>Source Files</Filter>
    </ClCompile>
    <ClCompile Include="thermo\IdealGasPhase.cpp">
      <Filter>Source Files</Filter>
    </ClCompile>
    <ClCompile Include="thermo\IdealMolalSoln.cpp">
      <Filter>Source Files</Filter>
    </ClCompile>
    <ClCompile Include="thermo\IdealSolidSolnPhase.cpp">
      <Filter>Source Files</Filter>
    </ClCompile>
    <ClCompile Include="thermo\IdealSolnGasVPSS.cpp">
      <Filter>Source Files</Filter>
    </ClCompile>
    <ClCompile Include="thermo\IonsFromNeutralVPSSTP.cpp">
      <Filter>Source Files</Filter>
    </ClCompile>
    <ClCompile Include="thermo\LatticePhase.cpp">
      <Filter>Source Files</Filter>
    </ClCompile>
    <ClCompile Include="thermo\LatticeSolidPhase.cpp">
      <Filter>Source Files</Filter>
    </ClCompile>
    <ClCompile Include="thermo\MargulesVPSSTP.cpp">
      <Filter>Source Files</Filter>
    </ClCompile>
    <ClCompile Include="thermo\MaskellSolidSolnPhase.cpp">
      <Filter>Source Files</Filter>
    </ClCompile>
    <ClCompile Include="thermo\MetalSHEelectrons.cpp">
      <Filter>Source Files</Filter>
    </ClCompile>
    <ClCompile Include="thermo\MineralEQ3.cpp">
      <Filter>Source Files</Filter>
    </ClCompile>
    <ClCompile Include="thermo\MixedSolventElectrolyte.cpp">
      <Filter>Source Files</Filter>
    </ClCompile>
    <ClCompile Include="thermo\MixtureFugacityTP.cpp">
      <Filter>Source Files</Filter>
    </ClCompile>
    <ClCompile Include="thermo\MolalityVPSSTP.cpp">
      <Filter>Source Files</Filter>
    </ClCompile>
    <ClCompile Include="thermo\MolarityIonicVPSSTP.cpp">
      <Filter>Source Files</Filter>
    </ClCompile>
    <ClCompile Include="thermo\Mu0Poly.cpp">
      <Filter>Source Files</Filter>
    </ClCompile>
    <ClCompile Include="thermo\Nasa9Poly1.cpp">
      <Filter>Source Files</Filter>
    </ClCompile>
    <ClCompile Include="thermo\Nasa9PolyMultiTempRegion.cpp">
      <Filter>Source Files</Filter>
    </ClCompile>
    <ClCompile Include="thermo\NasaPoly2.cpp">
      <Filter>Source Files</Filter>
    </ClCompile>
    <ClCompile Include="thermo\NasaThermo.cpp">
      <Filter>Source Files</Filter>
    </ClCompile>
    <ClCompile Include="thermo\PDSS.cpp">
      <Filter>Source Files</Filter>
    </ClCompile>
    <ClCompile Include="thermo\PDSS_ConstVol.cpp">
      <Filter>Source Files</Filter>
    </ClCompile>
    <ClCompile Include="thermo\PDSS_HKFT.cpp">
      <Filter>Source Files</Filter>
    </ClCompile>
    <ClCompile Include="thermo\PDSS_IdealGas.cpp">
      <Filter>Source Files</Filter>
    </ClCompile>
    <ClCompile Include="thermo\PDSS_IonsFromNeutral.cpp">
      <Filter>Source Files</Filter>
    </ClCompile>
    <ClCompile Include="thermo\PDSS_SSVol.cpp">
      <Filter>Source Files</Filter>
    </ClCompile>
    <ClCompile Include="thermo\PDSS_Water.cpp">
      <Filter>Source Files</Filter>
    </ClCompile>
    <ClCompile Include="thermo\Phase.cpp">
      <Filter>Source Files</Filter>
    </ClCompile>
    <ClCompile Include="thermo\PhaseCombo_Interaction.cpp">
      <Filter>Source Files</Filter>
    </ClCompile>
    <ClCompile Include="thermo\PseudoBinaryVPSSTP.cpp">
      <Filter>Source Files</Filter>
    </ClCompile>
    <ClCompile Include="thermo\PureFluidPhase.cpp">
      <Filter>Source Files</Filter>
    </ClCompile>
    <ClCompile Include="thermo\RedlichKisterVPSSTP.cpp">
      <Filter>Source Files</Filter>
    </ClCompile>
    <ClCompile Include="thermo\RedlichKwongMFTP.cpp">
      <Filter>Source Files</Filter>
    </ClCompile>
    <ClCompile Include="thermo\SemiconductorPhase.cpp">
      <Filter>Source Files</Filter>
    </ClCompile>
    <ClCompile Include="thermo\SingleSpeciesTP.cpp">
      <Filter>Source Files</Filter>
    </ClCompile>
    <ClCompile Include="thermo\Species.cpp">
      <Filter>Source Files</Filter>
    </ClCompile>
    <ClCompile Include="thermo\SpeciesThermo.cpp">
      <Filter>Source Files</Filter>
    </ClCompile>
    <ClCompile Include="thermo\SpeciesThermoFactory.cpp">
      <Filter>Source Files</Filter>
    </ClCompile>
    <ClCompile Include="thermo\SpeciesThermoInterpType.cpp">
      <Filter>Source Files</Filter>
    </ClCompile>
    <ClCompile Include="thermo\StatMech.cpp">
      <Filter>Source Files</Filter>
    </ClCompile>
    <ClCompile Include="thermo\StoichSubstance.cpp">
      <Filter>Source Files</Filter>
    </ClCompile>
    <ClCompile Include="thermo\StoichSubstanceSSTP.cpp">
      <Filter>Source Files</Filter>
    </ClCompile>
    <ClCompile Include="thermo\SurfPhase.cpp">
      <Filter>Source Files</Filter>
    </ClCompile>
    <ClCompile Include="thermo\ThermoFactory.cpp">
      <Filter>Source Files</Filter>
    </ClCompile>
    <ClCompile Include="thermo\ThermoPhase.cpp">
      <Filter>Source Files</Filter>
    </ClCompile>
    <ClCompile Include="thermo\VPSSMgr.cpp">
      <Filter>Source Files</Filter>
    </ClCompile>
    <ClCompile Include="thermo\VPSSMgrFactory.cpp">
      <Filter>Source Files</Filter>
    </ClCompile>
    <ClCompile Include="thermo\VPSSMgr_ConstVol.cpp">
      <Filter>Source Files</Filter>
    </ClCompile>
    <ClCompile Include="thermo\VPSSMgr_General.cpp">
      <Filter>Source Files</Filter>
    </ClCompile>
    <ClCompile Include="thermo\VPSSMgr_IdealGas.cpp">
      <Filter>Source Files</Filter>
    </ClCompile>
    <ClCompile Include="thermo\VPSSMgr_Water_ConstVol.cpp">
      <Filter>Source Files</Filter>
    </ClCompile>
    <ClCompile Include="thermo\VPSSMgr_Water_HKFT.cpp">
      <Filter>Source Files</Filter>
    </ClCompile>
    <ClCompile Include="thermo\VPStandardStateTP.cpp">
      <Filter>Source Files</Filter>
    </ClCompile>
    <ClCompile Include="thermo\WaterProps.cpp">
      <Filter>Source Files</Filter>
    </ClCompile>
    <ClCompile Include="thermo\WaterPropsIAPWS.cpp">
      <Filter>Source Files</Filter>
    </ClCompile>
    <ClCompile Include="thermo\WaterPropsIAPWSphi.cpp">
      <Filter>Source Files</Filter>
    </ClCompile>
    <ClCompile Include="thermo\WaterSSTP.cpp">
      <Filter>Source Files</Filter>
    </ClCompile>
    <ClCompile Include="tpx\CarbonDioxide.cpp">
      <Filter>Source Files</Filter>
    </ClCompile>
    <ClCompile Include="tpx\Heptane.cpp">
      <Filter>Source Files</Filter>
    </ClCompile>
    <ClCompile Include="tpx\HFC134a.cpp">
      <Filter>Source Files</Filter>
    </ClCompile>
    <ClCompile Include="tpx\Hydrogen.cpp">
      <Filter>Source Files</Filter>
    </ClCompile>
    <ClCompile Include="tpx\lk.cpp">
      <Filter>Source Files</Filter>
    </ClCompile>
    <ClCompile Include="tpx\Methane.cpp">
      <Filter>Source Files</Filter>
    </ClCompile>
    <ClCompile Include="tpx\Nitrogen.cpp">
      <Filter>Source Files</Filter>
    </ClCompile>
    <ClCompile Include="tpx\Oxygen.cpp">
      <Filter>Source Files</Filter>
    </ClCompile>
    <ClCompile Include="tpx\RedlichKwong.cpp">
      <Filter>Source Files</Filter>
    </ClCompile>
    <ClCompile Include="tpx\Sub.cpp">
      <Filter>Source Files</Filter>
    </ClCompile>
    <ClCompile Include="tpx\utils.cpp">
      <Filter>Source Files</Filter>
    </ClCompile>
    <ClCompile Include="tpx\Water.cpp">
      <Filter>Source Files</Filter>
    </ClCompile>
    <ClCompile Include="transport\AqueousTransport.cpp">
      <Filter>Source Files</Filter>
    </ClCompile>
    <ClCompile Include="transport\DustyGasTransport.cpp">
      <Filter>Source Files</Filter>
    </ClCompile>
    <ClCompile Include="transport\GasTransport.cpp">
      <Filter>Source Files</Filter>
    </ClCompile>
    <ClCompile Include="transport\HighPressureGasTransport.cpp">
      <Filter>Source Files</Filter>
    </ClCompile>
    <ClCompile Include="transport\LiquidTranInteraction.cpp">
      <Filter>Source Files</Filter>
    </ClCompile>
    <ClCompile Include="transport\LiquidTransport.cpp">
      <Filter>Source Files</Filter>
    </ClCompile>
    <ClCompile Include="transport\LiquidTransportData.cpp">
      <Filter>Source Files</Filter>
    </ClCompile>
    <ClCompile Include="transport\LiquidTransportParams.cpp">
      <Filter>Source Files</Filter>
    </ClCompile>
    <ClCompile Include="transport\LTPspecies.cpp">
      <Filter>Source Files</Filter>
    </ClCompile>
    <ClCompile Include="transport\MixTransport.cpp">
      <Filter>Source Files</Filter>
    </ClCompile>
    <ClCompile Include="transport\MMCollisionInt.cpp">
      <Filter>Source Files</Filter>
    </ClCompile>
    <ClCompile Include="transport\MultiTransport.cpp">
      <Filter>Source Files</Filter>
    </ClCompile>
    <ClCompile Include="transport\PecosTransport.cpp">
      <Filter>Source Files</Filter>
    </ClCompile>
    <ClCompile Include="transport\SimpleTransport.cpp">
      <Filter>Source Files</Filter>
    </ClCompile>
    <ClCompile Include="transport\SolidTransport.cpp">
      <Filter>Source Files</Filter>
    </ClCompile>
    <ClCompile Include="transport\SolidTransportData.cpp">
      <Filter>Source Files</Filter>
    </ClCompile>
    <ClCompile Include="transport\TransportBase.cpp">
      <Filter>Source Files</Filter>
    </ClCompile>
    <ClCompile Include="transport\TransportFactory.cpp">
      <Filter>Source Files</Filter>
    </ClCompile>
    <ClCompile Include="transport\TransportParams.cpp">
      <Filter>Source Files</Filter>
    </ClCompile>
    <ClCompile Include="transport\WaterTransport.cpp">
      <Filter>Source Files</Filter>
    </ClCompile>
    <ClCompile Include="zerod\ConstPressureReactor.cpp">
      <Filter>Source Files</Filter>
    </ClCompile>
    <ClCompile Include="zerod\FlowDevice.cpp">
      <Filter>Source Files</Filter>
    </ClCompile>
    <ClCompile Include="zerod\FlowReactor.cpp">
      <Filter>Source Files</Filter>
    </ClCompile>
    <ClCompile Include="zerod\IdealGasConstPressureReactor.cpp">
      <Filter>Source Files</Filter>
    </ClCompile>
    <ClCompile Include="zerod\IdealGasReactor.cpp">
      <Filter>Source Files</Filter>
    </ClCompile>
    <ClCompile Include="zerod\Reactor.cpp">
      <Filter>Source Files</Filter>
    </ClCompile>
    <ClCompile Include="zerod\ReactorBase.cpp">
      <Filter>Source Files</Filter>
    </ClCompile>
    <ClCompile Include="zerod\ReactorFactory.cpp">
      <Filter>Source Files</Filter>
    </ClCompile>
    <ClCompile Include="zerod\ReactorNet.cpp">
      <Filter>Source Files</Filter>
    </ClCompile>
    <ClCompile Include="zerod\Wall.cpp">
      <Filter>Source Files</Filter>
    </ClCompile>
  </ItemGroup>
  <ItemGroup>
    <ClInclude Include="apps\mdp_allo.h">
      <Filter>Header Files</Filter>
    </ClInclude>
    <ClInclude Include="apps\tok_input_util.h">
      <Filter>Header Files</Filter>
    </ClInclude>
    <ClInclude Include="base\application.h">
      <Filter>Header Files</Filter>
    </ClInclude>
    <ClInclude Include="base\units.h">
      <Filter>Header Files</Filter>
    </ClInclude>
    <ClInclude Include="clib\Cabinet.h">
      <Filter>Header Files</Filter>
    </ClInclude>
    <ClInclude Include="clib\clib_defs.h">
      <Filter>Header Files</Filter>
    </ClInclude>
    <ClInclude Include="clib\ct.h">
      <Filter>Header Files</Filter>
    </ClInclude>
    <ClInclude Include="clib\ctbdry.h">
      <Filter>Header Files</Filter>
    </ClInclude>
    <ClInclude Include="clib\ctfunc.h">
      <Filter>Header Files</Filter>
    </ClInclude>
    <ClInclude Include="clib\ctmultiphase.h">
      <Filter>Header Files</Filter>
    </ClInclude>
    <ClInclude Include="clib\ctonedim.h">
      <Filter>Header Files</Filter>
    </ClInclude>
    <ClInclude Include="clib\ctreactor.h">
      <Filter>Header Files</Filter>
    </ClInclude>
    <ClInclude Include="clib\ctrpath.h">
      <Filter>Header Files</Filter>
    </ClInclude>
    <ClInclude Include="clib\ctsurf.h">
      <Filter>Header Files</Filter>
    </ClInclude>
    <ClInclude Include="clib\ctxml.h">
      <Filter>Header Files</Filter>
    </ClInclude>
    <ClInclude Include="equil\PropertyCalculator.h">
      <Filter>Header Files</Filter>
    </ClInclude>
    <ClInclude Include="matlab\ctmatutils.h">
      <Filter>Header Files</Filter>
    </ClInclude>
    <ClInclude Include="matlab\mllogger.h">
      <Filter>Header Files</Filter>
    </ClInclude>
    <ClInclude Include="numerics\CVodeInt.h">
      <Filter>Header Files</Filter>
    </ClInclude>
    <ClInclude Include="numerics\lapack.h">
      <Filter>Header Files</Filter>
    </ClInclude>
    <ClInclude Include="thermo\NasaThermo.h">
      <Filter>Header Files</Filter>
    </ClInclude>
    <ClInclude Include="thermo\ShomateThermo.h">
      <Filter>Header Files</Filter>
    </ClInclude>
    <ClInclude Include="thermo\VPSSMgrFactory.h">
      <Filter>Header Files</Filter>
    </ClInclude>
    <ClInclude Include="tpx\CarbonDioxide.h">
      <Filter>Header Files</Filter>
    </ClInclude>
    <ClInclude Include="tpx\Heptane.h">
      <Filter>Header Files</Filter>
    </ClInclude>
    <ClInclude Include="tpx\HFC134a.h">
      <Filter>Header Files</Filter>
    </ClInclude>
    <ClInclude Include="tpx\Hydrogen.h">
      <Filter>Header Files</Filter>
    </ClInclude>
    <ClInclude Include="tpx\lk.h">
      <Filter>Header Files</Filter>
    </ClInclude>
    <ClInclude Include="tpx\Methane.h">
      <Filter>Header Files</Filter>
    </ClInclude>
    <ClInclude Include="tpx\Nitrogen.h">
      <Filter>Header Files</Filter>
    </ClInclude>
    <ClInclude Include="tpx\Oxygen.h">
      <Filter>Header Files</Filter>
    </ClInclude>
    <ClInclude Include="tpx\RedlichKwong.h">
      <Filter>Header Files</Filter>
    </ClInclude>
    <ClInclude Include="tpx\Water.h">
      <Filter>Header Files</Filter>
    </ClInclude>
    <ClInclude Include="transport\MMCollisionInt.h">
      <Filter>Header Files</Filter>
    </ClInclude>
    <ClInclude Include="..\include\cantera\Edge.h">
      <Filter>Header Files</Filter>
    </ClInclude>
    <ClInclude Include="..\include\cantera\electrolyteThermo.h">
      <Filter>Header Files</Filter>
    </ClInclude>
    <ClInclude Include="..\include\cantera\equilibrium.h">
      <Filter>Header Files</Filter>
    </ClInclude>
    <ClInclude Include="..\include\cantera\IdealGasMix.h">
      <Filter>Header Files</Filter>
    </ClInclude>
    <ClInclude Include="..\include\cantera\IncompressibleSolid.h">
      <Filter>Header Files</Filter>
    </ClInclude>
    <ClInclude Include="..\include\cantera\integrators.h">
      <Filter>Header Files</Filter>
    </ClInclude>
    <ClInclude Include="..\include\cantera\Interface.h">
      <Filter>Header Files</Filter>
    </ClInclude>
    <ClInclude Include="..\include\cantera\kinetics.h">
      <Filter>Header Files</Filter>
    </ClInclude>
    <ClInclude Include="..\include\cantera\Metal.h">
      <Filter>Header Files</Filter>
    </ClInclude>
    <ClInclude Include="..\include\cantera\numerics.h">
      <Filter>Header Files</Filter>
    </ClInclude>
    <ClInclude Include="..\include\cantera\onedim.h">
      <Filter>Header Files</Filter>
    </ClInclude>
    <ClInclude Include="..\include\cantera\PureFluid.h">
      <Filter>Header Files</Filter>
    </ClInclude>
    <ClInclude Include="..\include\cantera\reactionpaths.h">
      <Filter>Header Files</Filter>
    </ClInclude>
    <ClInclude Include="..\include\cantera\solvers.h">
      <Filter>Header Files</Filter>
    </ClInclude>
    <ClInclude Include="..\include\cantera\surface.h">
      <Filter>Header Files</Filter>
    </ClInclude>
    <ClInclude Include="..\include\cantera\thermo.h">
      <Filter>Header Files</Filter>
    </ClInclude>
    <ClInclude Include="..\include\cantera\transport.h">
      <Filter>Header Files</Filter>
    </ClInclude>
    <ClInclude Include="..\include\cantera\zerodim.h">
      <Filter>Header Files</Filter>
    </ClInclude>
    <ClInclude Include="..\include\cantera\base\Array.h">
      <Filter>Header Files</Filter>
    </ClInclude>
    <ClInclude Include="..\include\cantera\base\clockWC.h">
      <Filter>Header Files</Filter>
    </ClInclude>
    <ClInclude Include="..\include\cantera\base\config.h">
      <Filter>Header Files</Filter>
    </ClInclude>
    <ClInclude Include="..\include\cantera\base\ctexceptions.h">
      <Filter>Header Files</Filter>
    </ClInclude>
    <ClInclude Include="..\include\cantera\base\ctml.h">
      <Filter>Header Files</Filter>
    </ClInclude>
    <ClInclude Include="..\include\cantera\base\ct_defs.h">
      <Filter>Header Files</Filter>
    </ClInclude>
    <ClInclude Include="..\include\cantera\base\ct_thread.h">
      <Filter>Header Files</Filter>
    </ClInclude>
    <ClInclude Include="..\include\cantera\base\FactoryBase.h">
      <Filter>Header Files</Filter>
    </ClInclude>
    <ClInclude Include="..\include\cantera\base\global.h">
      <Filter>Header Files</Filter>
    </ClInclude>
    <ClInclude Include="..\include\cantera\base\logger.h">
      <Filter>Header Files</Filter>
    </ClInclude>
    <ClInclude Include="..\include\cantera\base\plots.h">
      <Filter>Header Files</Filter>
    </ClInclude>
    <ClInclude Include="..\include\cantera\base\smart_ptr.h">
      <Filter>Header Files</Filter>
    </ClInclude>
    <ClInclude Include="..\include\cantera\base\stringUtils.h">
      <Filter>Header Files</Filter>
    </ClInclude>
    <ClInclude Include="..\include\cantera\base\utilities.h">
      <Filter>Header Files</Filter>
    </ClInclude>
    <ClInclude Include="..\include\cantera\base\ValueCache.h">
      <Filter>Header Files</Filter>
    </ClInclude>
    <ClInclude Include="..\include\cantera\base\vec_functions.h">
      <Filter>Header Files</Filter>
    </ClInclude>
    <ClInclude Include="..\include\cantera\base\xml.h">
      <Filter>Header Files</Filter>
    </ClInclude>
    <ClInclude Include="..\include\cantera\cython\funcWrapper.h">
      <Filter>Header Files</Filter>
    </ClInclude>
    <ClInclude Include="..\include\cantera\cython\wrappers.h">
      <Filter>Header Files</Filter>
    </ClInclude>
    <ClInclude Include="..\include\cantera\equil\ChemEquil.h">
      <Filter>Header Files</Filter>
    </ClInclude>
    <ClInclude Include="..\include\cantera\equil\equil.h">
      <Filter>Header Files</Filter>
    </ClInclude>
    <ClInclude Include="..\include\cantera\equil\MultiPhase.h">
      <Filter>Header Files</Filter>
    </ClInclude>
    <ClInclude Include="..\include\cantera\equil\MultiPhaseEquil.h">
      <Filter>Header Files</Filter>
    </ClInclude>
    <ClInclude Include="..\include\cantera\equil\vcs_defs.h">
      <Filter>Header Files</Filter>
    </ClInclude>
    <ClInclude Include="..\include\cantera\equil\vcs_internal.h">
      <Filter>Header Files</Filter>
    </ClInclude>
    <ClInclude Include="..\include\cantera\equil\vcs_MultiPhaseEquil.h">
      <Filter>Header Files</Filter>
    </ClInclude>
    <ClInclude Include="..\include\cantera\equil\vcs_prob.h">
      <Filter>Header Files</Filter>
    </ClInclude>
    <ClInclude Include="..\include\cantera\equil\vcs_solve.h">
      <Filter>Header Files</Filter>
    </ClInclude>
    <ClInclude Include="..\include\cantera\equil\vcs_SpeciesProperties.h">
      <Filter>Header Files</Filter>
    </ClInclude>
    <ClInclude Include="..\include\cantera\equil\vcs_species_thermo.h">
      <Filter>Header Files</Filter>
    </ClInclude>
    <ClInclude Include="..\include\cantera\equil\vcs_VolPhase.h">
      <Filter>Header Files</Filter>
    </ClInclude>
    <ClInclude Include="..\include\cantera\kinetics\AqueousKinetics.h">
      <Filter>Header Files</Filter>
    </ClInclude>
    <ClInclude Include="..\include\cantera\kinetics\BulkKinetics.h">
      <Filter>Header Files</Filter>
    </ClInclude>
    <ClInclude Include="..\include\cantera\kinetics\EdgeKinetics.h">
      <Filter>Header Files</Filter>
    </ClInclude>
    <ClInclude Include="..\include\cantera\kinetics\ElectrodeKinetics.h">
      <Filter>Header Files</Filter>
    </ClInclude>
    <ClInclude Include="..\include\cantera\kinetics\Enhanced3BConc.h">
      <Filter>Header Files</Filter>
    </ClInclude>
    <ClInclude Include="..\include\cantera\kinetics\ExtraGlobalRxn.h">
      <Filter>Header Files</Filter>
    </ClInclude>
    <ClInclude Include="..\include\cantera\kinetics\Falloff.h">
      <Filter>Header Files</Filter>
    </ClInclude>
    <ClInclude Include="..\include\cantera\kinetics\FalloffFactory.h">
      <Filter>Header Files</Filter>
    </ClInclude>
    <ClInclude Include="..\include\cantera\kinetics\FalloffMgr.h">
      <Filter>Header Files</Filter>
    </ClInclude>
    <ClInclude Include="..\include\cantera\kinetics\GasKinetics.h">
      <Filter>Header Files</Filter>
    </ClInclude>
    <ClInclude Include="..\include\cantera\kinetics\Group.h">
      <Filter>Header Files</Filter>
    </ClInclude>
    <ClInclude Include="..\include\cantera\kinetics\ImplicitSurfChem.h">
      <Filter>Header Files</Filter>
    </ClInclude>
    <ClInclude Include="..\include\cantera\kinetics\importKinetics.h">
      <Filter>Header Files</Filter>
    </ClInclude>
    <ClInclude Include="..\include\cantera\kinetics\InterfaceKinetics.h">
      <Filter>Header Files</Filter>
    </ClInclude>
    <ClInclude Include="..\include\cantera\kinetics\Kinetics.h">
      <Filter>Header Files</Filter>
    </ClInclude>
    <ClInclude Include="..\include\cantera\kinetics\KineticsFactory.h">
      <Filter>Header Files</Filter>
    </ClInclude>
    <ClInclude Include="..\include\cantera\kinetics\RateCoeffMgr.h">
      <Filter>Header Files</Filter>
    </ClInclude>
    <ClInclude Include="..\include\cantera\kinetics\Reaction.h">
      <Filter>Header Files</Filter>
    </ClInclude>
    <ClInclude Include="..\include\cantera\kinetics\ReactionData.h">
      <Filter>Header Files</Filter>
    </ClInclude>
    <ClInclude Include="..\include\cantera\kinetics\ReactionPath.h">
      <Filter>Header Files</Filter>
    </ClInclude>
    <ClInclude Include="..\include\cantera\kinetics\ReactionStoichMgr.h">
      <Filter>Header Files</Filter>
    </ClInclude>
    <ClInclude Include="..\include\cantera\kinetics\reaction_defs.h">
      <Filter>Header Files</Filter>
    </ClInclude>
    <ClInclude Include="..\include\cantera\kinetics\RxnMolChange.h">
      <Filter>Header Files</Filter>
    </ClInclude>
    <ClInclude Include="..\include\cantera\kinetics\RxnRates.h">
      <Filter>Header Files</Filter>
    </ClInclude>
    <ClInclude Include="..\include\cantera\kinetics\solveSP.h">
      <Filter>Header Files</Filter>
    </ClInclude>
    <ClInclude Include="..\include\cantera\kinetics\StoichManager.h">
      <Filter>Header Files</Filter>
    </ClInclude>
    <ClInclude Include="..\include\cantera\kinetics\ThirdBodyMgr.h">
      <Filter>Header Files</Filter>
    </ClInclude>
    <ClInclude Include="..\include\cantera\kinetics\TurbulentKinetics.h">
      <Filter>Header Files</Filter>
    </ClInclude>
    <ClInclude Include="..\include\cantera\numerics\BandMatrix.h">
      <Filter>Header Files</Filter>
    </ClInclude>
    <ClInclude Include="..\include\cantera\numerics\BEulerInt.h">
      <Filter>Header Files</Filter>
    </ClInclude>
    <ClInclude Include="..\include\cantera\numerics\ctlapack.h">
      <Filter>Header Files</Filter>
    </ClInclude>
    <ClInclude Include="..\include\cantera\numerics\CVodesIntegrator.h">
      <Filter>Header Files</Filter>
    </ClInclude>
    <ClInclude Include="..\include\cantera\numerics\DAE_Solver.h">
      <Filter>Header Files</Filter>
    </ClInclude>
    <ClInclude Include="..\include\cantera\numerics\DenseMatrix.h">
      <Filter>Header Files</Filter>
    </ClInclude>
    <ClInclude Include="..\include\cantera\numerics\Func1.h">
      <Filter>Header Files</Filter>
    </ClInclude>
    <ClInclude Include="..\include\cantera\numerics\FuncEval.h">
      <Filter>Header Files</Filter>
    </ClInclude>
    <ClInclude Include="..\include\cantera\numerics\funcs.h">
      <Filter>Header Files</Filter>
    </ClInclude>
    <ClInclude Include="..\include\cantera\numerics\GeneralMatrix.h">
      <Filter>Header Files</Filter>
    </ClInclude>
    <ClInclude Include="..\include\cantera\numerics\IDA_Solver.h">
      <Filter>Header Files</Filter>
    </ClInclude>
    <ClInclude Include="..\include\cantera\numerics\Integrator.h">
      <Filter>Header Files</Filter>
    </ClInclude>
    <ClInclude Include="..\include\cantera\numerics\NonlinearSolver.h">
      <Filter>Header Files</Filter>
    </ClInclude>
    <ClInclude Include="..\include\cantera\numerics\polyfit.h">
      <Filter>Header Files</Filter>
    </ClInclude>
    <ClInclude Include="..\include\cantera\numerics\ResidEval.h">
      <Filter>Header Files</Filter>
    </ClInclude>
    <ClInclude Include="..\include\cantera\numerics\ResidJacEval.h">
      <Filter>Header Files</Filter>
    </ClInclude>
    <ClInclude Include="..\include\cantera\numerics\RootFind.h">
      <Filter>Header Files</Filter>
    </ClInclude>
    <ClInclude Include="..\include\cantera\numerics\solveProb.h">
      <Filter>Header Files</Filter>
    </ClInclude>
    <ClInclude Include="..\include\cantera\numerics\SquareMatrix.h">
      <Filter>Header Files</Filter>
    </ClInclude>
    <ClInclude Include="..\include\cantera\oned\Domain1D.h">
      <Filter>Header Files</Filter>
    </ClInclude>
    <ClInclude Include="..\include\cantera\oned\Inlet1D.h">
      <Filter>Header Files</Filter>
    </ClInclude>
    <ClInclude Include="..\include\cantera\oned\MultiJac.h">
      <Filter>Header Files</Filter>
    </ClInclude>
    <ClInclude Include="..\include\cantera\oned\MultiNewton.h">
      <Filter>Header Files</Filter>
    </ClInclude>
    <ClInclude Include="..\include\cantera\oned\OneDim.h">
      <Filter>Header Files</Filter>
    </ClInclude>
    <ClInclude Include="..\include\cantera\oned\refine.h">
      <Filter>Header Files</Filter>
    </ClInclude>
    <ClInclude Include="..\include\cantera\oned\Sim1D.h">
      <Filter>Header Files</Filter>
    </ClInclude>
    <ClInclude Include="..\include\cantera\oned\StFlow.h">
      <Filter>Header Files</Filter>
    </ClInclude>
    <ClInclude Include="..\include\cantera\thermo\AdsorbateThermo.h">
      <Filter>Header Files</Filter>
    </ClInclude>
    <ClInclude Include="..\include\cantera\thermo\ConstCpPoly.h">
      <Filter>Header Files</Filter>
    </ClInclude>
    <ClInclude Include="..\include\cantera\thermo\ConstDensityThermo.h">
      <Filter>Header Files</Filter>
    </ClInclude>
    <ClInclude Include="..\include\cantera\thermo\DebyeHuckel.h">
      <Filter>Header Files</Filter>
    </ClInclude>
    <ClInclude Include="..\include\cantera\thermo\EdgePhase.h">
      <Filter>Header Files</Filter>
    </ClInclude>
    <ClInclude Include="..\include\cantera\thermo\electrolytes.h">
      <Filter>Header Files</Filter>
    </ClInclude>
    <ClInclude Include="..\include\cantera\thermo\Elements.h">
      <Filter>Header Files</Filter>
    </ClInclude>
    <ClInclude Include="..\include\cantera\thermo\FixedChemPotSSTP.h">
      <Filter>Header Files</Filter>
    </ClInclude>
    <ClInclude Include="..\include\cantera\thermo\GeneralSpeciesThermo.h">
      <Filter>Header Files</Filter>
    </ClInclude>
    <ClInclude Include="..\include\cantera\thermo\GibbsExcessVPSSTP.h">
      <Filter>Header Files</Filter>
    </ClInclude>
    <ClInclude Include="..\include\cantera\thermo\HMWSoln.h">
      <Filter>Header Files</Filter>
    </ClInclude>
    <ClInclude Include="..\include\cantera\thermo\IdealGasPhase.h">
      <Filter>Header Files</Filter>
    </ClInclude>
    <ClInclude Include="..\include\cantera\thermo\IdealMolalSoln.h">
      <Filter>Header Files</Filter>
    </ClInclude>
    <ClInclude Include="..\include\cantera\thermo\IdealSolidSolnPhase.h">
      <Filter>Header Files</Filter>
    </ClInclude>
    <ClInclude Include="..\include\cantera\thermo\IdealSolnGasVPSS.h">
      <Filter>Header Files</Filter>
    </ClInclude>
    <ClInclude Include="..\include\cantera\thermo\IonsFromNeutralVPSSTP.h">
      <Filter>Header Files</Filter>
    </ClInclude>
    <ClInclude Include="..\include\cantera\thermo\LatticePhase.h">
      <Filter>Header Files</Filter>
    </ClInclude>
    <ClInclude Include="..\include\cantera\thermo\LatticeSolidPhase.h">
      <Filter>Header Files</Filter>
    </ClInclude>
    <ClInclude Include="..\include\cantera\thermo\MargulesVPSSTP.h">
      <Filter>Header Files</Filter>
    </ClInclude>
    <ClInclude Include="..\include\cantera\thermo\MaskellSolidSolnPhase.h">
      <Filter>Header Files</Filter>
    </ClInclude>
    <ClInclude Include="..\include\cantera\thermo\MetalPhase.h">
      <Filter>Header Files</Filter>
    </ClInclude>
    <ClInclude Include="..\include\cantera\thermo\MetalSHEelectrons.h">
      <Filter>Header Files</Filter>
    </ClInclude>
    <ClInclude Include="..\include\cantera\thermo\MineralEQ3.h">
      <Filter>Header Files</Filter>
    </ClInclude>
    <ClInclude Include="..\include\cantera\thermo\MixedSolventElectrolyte.h">
      <Filter>Header Files</Filter>
    </ClInclude>
    <ClInclude Include="..\include\cantera\thermo\MixtureFugacityTP.h">
      <Filter>Header Files</Filter>
    </ClInclude>
    <ClInclude Include="..\include\cantera\thermo\mix_defs.h">
      <Filter>Header Files</Filter>
    </ClInclude>
    <ClInclude Include="..\include\cantera\thermo\MolalityVPSSTP.h">
      <Filter>Header Files</Filter>
    </ClInclude>
    <ClInclude Include="..\include\cantera\thermo\MolarityIonicVPSSTP.h">
      <Filter>Header Files</Filter>
    </ClInclude>
    <ClInclude Include="..\include\cantera\thermo\Mu0Poly.h">
      <Filter>Header Files</Filter>
    </ClInclude>
    <ClInclude Include="..\include\cantera\thermo\Nasa9Poly1.h">
      <Filter>Header Files</Filter>
    </ClInclude>
    <ClInclude Include="..\include\cantera\thermo\Nasa9PolyMultiTempRegion.h">
      <Filter>Header Files</Filter>
    </ClInclude>
    <ClInclude Include="..\include\cantera\thermo\NasaPoly1.h">
      <Filter>Header Files</Filter>
    </ClInclude>
    <ClInclude Include="..\include\cantera\thermo\NasaPoly2.h">
      <Filter>Header Files</Filter>
    </ClInclude>
    <ClInclude Include="..\include\cantera\thermo\PDSS.h">
      <Filter>Header Files</Filter>
    </ClInclude>
    <ClInclude Include="..\include\cantera\thermo\PDSS_ConstVol.h">
      <Filter>Header Files</Filter>
    </ClInclude>
    <ClInclude Include="..\include\cantera\thermo\PDSS_HKFT.h">
      <Filter>Header Files</Filter>
    </ClInclude>
    <ClInclude Include="..\include\cantera\thermo\PDSS_IdealGas.h">
      <Filter>Header Files</Filter>
    </ClInclude>
    <ClInclude Include="..\include\cantera\thermo\PDSS_IonsFromNeutral.h">
      <Filter>Header Files</Filter>
    </ClInclude>
    <ClInclude Include="..\include\cantera\thermo\PDSS_SSVol.h">
      <Filter>Header Files</Filter>
    </ClInclude>
    <ClInclude Include="..\include\cantera\thermo\PDSS_Water.h">
      <Filter>Header Files</Filter>
    </ClInclude>
    <ClInclude Include="..\include\cantera\thermo\Phase.h">
      <Filter>Header Files</Filter>
    </ClInclude>
    <ClInclude Include="..\include\cantera\thermo\PhaseCombo_Interaction.h">
      <Filter>Header Files</Filter>
    </ClInclude>
    <ClInclude Include="..\include\cantera\thermo\PseudoBinaryVPSSTP.h">
      <Filter>Header Files</Filter>
    </ClInclude>
    <ClInclude Include="..\include\cantera\thermo\PureFluidPhase.h">
      <Filter>Header Files</Filter>
    </ClInclude>
    <ClInclude Include="..\include\cantera\thermo\RedlichKisterVPSSTP.h">
      <Filter>Header Files</Filter>
    </ClInclude>
    <ClInclude Include="..\include\cantera\thermo\RedlichKwongMFTP.h">
      <Filter>Header Files</Filter>
    </ClInclude>
    <ClInclude Include="..\include\cantera\thermo\SemiconductorPhase.h">
      <Filter>Header Files</Filter>
    </ClInclude>
    <ClInclude Include="..\include\cantera\thermo\ShomatePoly.h">
      <Filter>Header Files</Filter>
    </ClInclude>
    <ClInclude Include="..\include\cantera\thermo\SimpleThermo.h">
      <Filter>Header Files</Filter>
    </ClInclude>
    <ClInclude Include="..\include\cantera\thermo\SingleSpeciesTP.h">
      <Filter>Header Files</Filter>
    </ClInclude>
    <ClInclude Include="..\include\cantera\thermo\Species.h">
      <Filter>Header Files</Filter>
    </ClInclude>
    <ClInclude Include="..\include\cantera\thermo\SpeciesThermo.h">
      <Filter>Header Files</Filter>
    </ClInclude>
    <ClInclude Include="..\include\cantera\thermo\SpeciesThermoFactory.h">
      <Filter>Header Files</Filter>
    </ClInclude>
    <ClInclude Include="..\include\cantera\thermo\SpeciesThermoInterpType.h">
      <Filter>Header Files</Filter>
    </ClInclude>
    <ClInclude Include="..\include\cantera\thermo\SpeciesThermoMgr.h">
      <Filter>Header Files</Filter>
    </ClInclude>
    <ClInclude Include="..\include\cantera\thermo\speciesThermoTypes.h">
      <Filter>Header Files</Filter>
    </ClInclude>
    <ClInclude Include="..\include\cantera\thermo\StatMech.h">
      <Filter>Header Files</Filter>
    </ClInclude>
    <ClInclude Include="..\include\cantera\thermo\StoichSubstance.h">
      <Filter>Header Files</Filter>
    </ClInclude>
    <ClInclude Include="..\include\cantera\thermo\StoichSubstanceSSTP.h">
      <Filter>Header Files</Filter>
    </ClInclude>
    <ClInclude Include="..\include\cantera\thermo\SurfPhase.h">
      <Filter>Header Files</Filter>
    </ClInclude>
    <ClInclude Include="..\include\cantera\thermo\ThermoFactory.h">
      <Filter>Header Files</Filter>
    </ClInclude>
    <ClInclude Include="..\include\cantera\thermo\ThermoPhase.h">
      <Filter>Header Files</Filter>
    </ClInclude>
    <ClInclude Include="..\include\cantera\thermo\VPSSMgr.h">
      <Filter>Header Files</Filter>
    </ClInclude>
    <ClInclude Include="..\include\cantera\thermo\VPSSMgr_ConstVol.h">
      <Filter>Header Files</Filter>
    </ClInclude>
    <ClInclude Include="..\include\cantera\thermo\VPSSMgr_General.h">
      <Filter>Header Files</Filter>
    </ClInclude>
    <ClInclude Include="..\include\cantera\thermo\VPSSMgr_IdealGas.h">
      <Filter>Header Files</Filter>
    </ClInclude>
    <ClInclude Include="..\include\cantera\thermo\VPSSMgr_Water_ConstVol.h">
      <Filter>Header Files</Filter>
    </ClInclude>
    <ClInclude Include="..\include\cantera\thermo\VPSSMgr_Water_HKFT.h">
      <Filter>Header Files</Filter>
    </ClInclude>
    <ClInclude Include="..\include\cantera\thermo\VPStandardStateTP.h">
      <Filter>Header Files</Filter>
    </ClInclude>
    <ClInclude Include="..\include\cantera\thermo\WaterProps.h">
      <Filter>Header Files</Filter>
    </ClInclude>
    <ClInclude Include="..\include\cantera\thermo\WaterPropsIAPWS.h">
      <Filter>Header Files</Filter>
    </ClInclude>
    <ClInclude Include="..\include\cantera\thermo\WaterPropsIAPWSphi.h">
      <Filter>Header Files</Filter>
    </ClInclude>
    <ClInclude Include="..\include\cantera\thermo\WaterSSTP.h">
      <Filter>Header Files</Filter>
    </ClInclude>
    <ClInclude Include="..\include\cantera\tpx\Sub.h">
      <Filter>Header Files</Filter>
    </ClInclude>
    <ClInclude Include="..\include\cantera\tpx\utils.h">
      <Filter>Header Files</Filter>
    </ClInclude>
    <ClInclude Include="..\include\cantera\transport\AqueousTransport.h">
      <Filter>Header Files</Filter>
    </ClInclude>
    <ClInclude Include="..\include\cantera\transport\DustyGasTransport.h">
      <Filter>Header Files</Filter>
    </ClInclude>
    <ClInclude Include="..\include\cantera\transport\GasTransport.h">
      <Filter>Header Files</Filter>
    </ClInclude>
    <ClInclude Include="..\include\cantera\transport\HighPressureGasTransport.h">
      <Filter>Header Files</Filter>
    </ClInclude>
    <ClInclude Include="..\include\cantera\transport\LiquidTranInteraction.h">
      <Filter>Header Files</Filter>
    </ClInclude>
    <ClInclude Include="..\include\cantera\transport\LiquidTransport.h">
      <Filter>Header Files</Filter>
    </ClInclude>
    <ClInclude Include="..\include\cantera\transport\LiquidTransportData.h">
      <Filter>Header Files</Filter>
    </ClInclude>
    <ClInclude Include="..\include\cantera\transport\LiquidTransportParams.h">
      <Filter>Header Files</Filter>
    </ClInclude>
    <ClInclude Include="..\include\cantera\transport\LTPspecies.h">
      <Filter>Header Files</Filter>
    </ClInclude>
    <ClInclude Include="..\include\cantera\transport\MixTransport.h">
      <Filter>Header Files</Filter>
    </ClInclude>
    <ClInclude Include="..\include\cantera\transport\MultiTransport.h">
      <Filter>Header Files</Filter>
    </ClInclude>
    <ClInclude Include="..\include\cantera\transport\PecosTransport.h">
      <Filter>Header Files</Filter>
    </ClInclude>
    <ClInclude Include="..\include\cantera\transport\SimpleTransport.h">
      <Filter>Header Files</Filter>
    </ClInclude>
    <ClInclude Include="..\include\cantera\transport\SolidTransport.h">
      <Filter>Header Files</Filter>
    </ClInclude>
    <ClInclude Include="..\include\cantera\transport\SolidTransportData.h">
      <Filter>Header Files</Filter>
    </ClInclude>
    <ClInclude Include="..\include\cantera\transport\Tortuosity.h">
      <Filter>Header Files</Filter>
    </ClInclude>
    <ClInclude Include="..\include\cantera\transport\TransportBase.h">
      <Filter>Header Files</Filter>
    </ClInclude>
    <ClInclude Include="..\include\cantera\transport\TransportFactory.h">
      <Filter>Header Files</Filter>
    </ClInclude>
    <ClInclude Include="..\include\cantera\transport\TransportParams.h">
      <Filter>Header Files</Filter>
    </ClInclude>
    <ClInclude Include="..\include\cantera\transport\WaterTransport.h">
      <Filter>Header Files</Filter>
    </ClInclude>
    <ClInclude Include="..\include\cantera\zerod\ConstPressureReactor.h">
      <Filter>Header Files</Filter>
    </ClInclude>
    <ClInclude Include="..\include\cantera\zerod\flowControllers.h">
      <Filter>Header Files</Filter>
    </ClInclude>
    <ClInclude Include="..\include\cantera\zerod\FlowDevice.h">
      <Filter>Header Files</Filter>
    </ClInclude>
    <ClInclude Include="..\include\cantera\zerod\FlowReactor.h">
      <Filter>Header Files</Filter>
    </ClInclude>
    <ClInclude Include="..\include\cantera\zerod\IdealGasConstPressureReactor.h">
      <Filter>Header Files</Filter>
    </ClInclude>
    <ClInclude Include="..\include\cantera\zerod\IdealGasReactor.h">
      <Filter>Header Files</Filter>
    </ClInclude>
    <ClInclude Include="..\include\cantera\zerod\Reactor.h">
      <Filter>Header Files</Filter>
    </ClInclude>
    <ClInclude Include="..\include\cantera\zerod\ReactorBase.h">
      <Filter>Header Files</Filter>
    </ClInclude>
    <ClInclude Include="..\include\cantera\zerod\ReactorFactory.h">
      <Filter>Header Files</Filter>
    </ClInclude>
    <ClInclude Include="..\include\cantera\zerod\ReactorNet.h">
      <Filter>Header Files</Filter>
    </ClInclude>
    <ClInclude Include="..\include\cantera\zerod\Reservoir.h">
      <Filter>Header Files</Filter>
    </ClInclude>
    <ClInclude Include="..\include\cantera\zerod\Wall.h">
      <Filter>Header Files</Filter>
    </ClInclude>
  </ItemGroup>
  <ItemGroup>
    <ResourceCompile Include="debug\Turbulent Cantera - Cc Code_manifest.rc">
      <Filter>Resource Files</Filter>
    </ResourceCompile>
  </ItemGroup>
  <ItemGroup>
    <None Include="ClassDiagram1.cd" />
  </ItemGroup>
</Project>